
Microsoft Visual Studio Solution File, Format Version 12.00
# Visual Studio 15
VisualStudioVersion = 15.0.28307.1500
MinimumVisualStudioVersion = 10.0.40219.1
Project("{FAE04EC0-301F-11D3-BF4B-00C04F79EFBC}") = "TypeScriptReactHTMLApp2", "TypeScriptReactHTMLApp2\TypeScriptReactHTMLApp2.csproj", "{6C7DE70F-01D0-4835-B6D6-10017A3D4D0B}"
EndProject
Project("{FAE04EC0-301F-11D3-BF4B-00C04F79EFBC}") = "WebApplication3", "WebApplication3\WebApplication3.csproj", "{F3CA1245-963D-46AA-AAD3-20DB178C93F9}"
EndProject
Global
	GlobalSection(SolutionConfigurationPlatforms) = preSolution
		Debug|Any CPU = Debug|Any CPU
		Release|Any CPU = Release|Any CPU
	EndGlobalSection
	GlobalSection(ProjectConfigurationPlatforms) = postSolution
		{6C7DE70F-01D0-4835-B6D6-10017A3D4D0B}.Debug|Any CPU.ActiveCfg = Debug|Any CPU
		{6C7DE70F-01D0-4835-B6D6-10017A3D4D0B}.Debug|Any CPU.Build.0 = Debug|Any CPU
		{6C7DE70F-01D0-4835-B6D6-10017A3D4D0B}.Release|Any CPU.ActiveCfg = Release|Any CPU
		{6C7DE70F-01D0-4835-B6D6-10017A3D4D0B}.Release|Any CPU.Build.0 = Release|Any CPU
		{F3CA1245-963D-46AA-AAD3-20DB178C93F9}.Debug|Any CPU.ActiveCfg = Debug|Any CPU
		{F3CA1245-963D-46AA-AAD3-20DB178C93F9}.Debug|Any CPU.Build.0 = Debug|Any CPU
		{F3CA1245-963D-46AA-AAD3-20DB178C93F9}.Release|Any CPU.ActiveCfg = Release|Any CPU
		{F3CA1245-963D-46AA-AAD3-20DB178C93F9}.Release|Any CPU.Build.0 = Release|Any CPU
	EndGlobalSection
	GlobalSection(SolutionProperties) = preSolution
		HideSolutionNode = FALSE
	EndGlobalSection
	GlobalSection(ExtensibilityGlobals) = postSolution
		SolutionGuid = {7C74B2A4-1980-433D-ADF5-6E4B0A2B87FC}
	EndGlobalSection
EndGlobal
