
Microsoft Visual Studio Solution File, Format Version 12.00
# Visual Studio 15
VisualStudioVersion = 15.0.28307.1500
MinimumVisualStudioVersion = 10.0.40219.1
Project("{FAE04EC0-301F-11D3-BF4B-00C04F79EFBC}") = "Expense_Calculator_Business", "Expense_Calculator_Business\Expense_Calculator_Business.csproj", "{D2984E56-36C0-46B5-8965-C625642B1CFE}"
EndProject
Global
	GlobalSection(SolutionConfigurationPlatforms) = preSolution
		Debug|Any CPU = Debug|Any CPU
		Release|Any CPU = Release|Any CPU
	EndGlobalSection
	GlobalSection(ProjectConfigurationPlatforms) = postSolution
		{D2984E56-36C0-46B5-8965-C625642B1CFE}.Debug|Any CPU.ActiveCfg = Debug|Any CPU
		{D2984E56-36C0-46B5-8965-C625642B1CFE}.Debug|Any CPU.Build.0 = Debug|Any CPU
		{D2984E56-36C0-46B5-8965-C625642B1CFE}.Release|Any CPU.ActiveCfg = Release|Any CPU
		{D2984E56-36C0-46B5-8965-C625642B1CFE}.Release|Any CPU.Build.0 = Release|Any CPU
	EndGlobalSection
	GlobalSection(SolutionProperties) = preSolution
		HideSolutionNode = FALSE
	EndGlobalSection
	GlobalSection(ExtensibilityGlobals) = postSolution
		SolutionGuid = {7C74B2A4-1980-433D-ADF5-6E4B0A2B87FC}
	EndGlobalSection
EndGlobal
